// !$*UTF8*$!
{
	archiveVersion = 1;
	classes = {
	};
	objectVersion = 77;
	objects = {

/* Begin PBXContainerItemProxy section */
		5ECDB8072E6FBA3A00D8A701 /* PBXContainerItemProxy */ = {
			isa = PBXContainerItemProxy;
			containerPortal = 5ECDB7E82E6FBA3800D8A701 /* Project object */;
			proxyType = 1;
			remoteGlobalIDString = 5ECDB7EF2E6FBA3800D8A701;
			remoteInfo = ArticleList;
		};
		5ECDB8112E6FBA3B00D8A701 /* PBXContainerItemProxy */ = {
			isa = PBXContainerItemProxy;
			containerPortal = 5ECDB7E82E6FBA3800D8A701 /* Project object */;
			proxyType = 1;
			remoteGlobalIDString = 5ECDB7EF2E6FBA3800D8A701;
			remoteInfo = ArticleList;
		};
/* End PBXContainerItemProxy section */

/* Begin PBXFileReference section */
		5ECDB7F02E6FBA3800D8A701 /* ArticleList.app */ = {isa = PBXFileReference; explicitFileType = wrapper.application; includeInIndex = 0; path = ArticleList.app; sourceTree = BUILT_PRODUCTS_DIR; };
		5ECDB8062E6FBA3A00D8A701 /* ArticleListTests.xctest */ = {isa = PBXFileReference; explicitFileType = wrapper.cfbundle; includeInIndex = 0; path = ArticleListTests.xctest; sourceTree = BUILT_PRODUCTS_DIR; };
		5ECDB8102E6FBA3B00D8A701 /* ArticleListUITests.xctest */ = {isa = PBXFileReference; explicitFileType = wrapper.cfbundle; includeInIndex = 0; path = ArticleListUITests.xctest; sourceTree = BUILT_PRODUCTS_DIR; };
/* End PBXFileReference section */

/* Begin PBXFileSystemSynchronizedBuildFileExceptionSet section */
		5ECDB8182E6FBA3B00D8A701 /* Exceptions for "ArticleList" folder in "ArticleList" target */ = {
			isa = PBXFileSystemSynchronizedBuildFileExceptionSet;
			membershipExceptions = (
				Info.plist,
			);
			target = 5ECDB7EF2E6FBA3800D8A701 /* ArticleList */;
		};
/* End PBXFileSystemSynchronizedBuildFileExceptionSet section */

/* Begin PBXFileSystemSynchronizedRootGroup section */
		5ECDB7F22E6FBA3800D8A701 /* ArticleList */ = {
			isa = PBXFileSystemSynchronizedRootGroup;
			exceptions = (
				5ECDB8182E6FBA3B00D8A701 /* Exceptions for "ArticleList" folder in "ArticleList" target */,
			);
			path = ArticleList;
			sourceTree = "<group>";
		};
		5ECDB8092E6FBA3A00D8A701 /* ArticleListTests */ = {
			isa = PBXFileSystemSynchronizedRootGroup;
			path = ArticleListTests;
			sourceTree = "<group>";
		};
		5ECDB8132E6FBA3B00D8A701 /* ArticleListUITests */ = {
			isa = PBXFileSystemSynchronizedRootGroup;
			path = ArticleListUITests;
			sourceTree = "<group>";
		};
/* End PBXFileSystemSynchronizedRootGroup section */

/* Begin PBXFrameworksBuildPhase section */
		5ECDB7ED2E6FBA3800D8A701 /* Frameworks */ = {
			isa = PBXFrameworksBuildPhase;
			buildActionMask = 2147483647;
			files = (
			);
			runOnlyForDeploymentPostprocessing = 0;
		};
		5ECDB8032E6FBA3A00D8A701 /* Frameworks */ = {
			isa = PBXFrameworksBuildPhase;
			buildActionMask = 2147483647;
			files = (
			);
			runOnlyForDeploymentPostprocessing = 0;
		};
		5ECDB80D2E6FBA3B00D8A701 /* Frameworks */ = {
			isa = PBXFrameworksBuildPhase;
			buildActionMask = 2147483647;
			files = (
			);
			runOnlyForDeploymentPostprocessing = 0;
		};
/* End PBXFrameworksBuildPhase section */

/* Begin PBXGroup section */
		5ECDB7E72E6FBA3800D8A701 = {
			isa = PBXGroup;
			children = (
				5ECDB7F22E6FBA3800D8A701 /* ArticleList */,
				5ECDB8092E6FBA3A00D8A701 /* ArticleListTests */,
				5ECDB8132E6FBA3B00D8A701 /* ArticleListUITests */,
				5ECDB7F12E6FBA3800D8A701 /* Products */,
			);
			sourceTree = "<group>";
		};
		5ECDB7F12E6FBA3800D8A701 /* Products */ = {
			isa = PBXGroup;
			children = (
				5ECDB7F02E6FBA3800D8A701 /* ArticleList.app */,
				5ECDB8062E6FBA3A00D8A701 /* ArticleListTests.xctest */,
				5ECDB8102E6FBA3B00D8A701 /* ArticleListUITests.xctest */,
			);
			name = Products;
			sourceTree = "<group>";
		};
/* End PBXGroup section */

/* Begin PBXNativeTarget section */
		5ECDB7EF2E6FBA3800D8A701 /* ArticleList */ = {
			isa = PBXNativeTarget;
			buildConfigurationList = 5ECDB8192E6FBA3B00D8A701 /* Build configuration list for PBXNativeTarget "ArticleList" */;
			buildPhases = (
				5ECDB7EC2E6FBA3800D8A701 /* Sources */,
				5ECDB7ED2E6FBA3800D8A701 /* Frameworks */,
				5ECDB7EE2E6FBA3800D8A701 /* Resources */,
			);
			buildRules = (
			);
			dependencies = (
			);
			fileSystemSynchronizedGroups = (
				5ECDB7F22E6FBA3800D8A701 /* ArticleList */,
			);
			name = ArticleList;
			packageProductDependencies = (
			);
			productName = ArticleList;
			productReference = 5ECDB7F02E6FBA3800D8A701 /* ArticleList.app */;
			productType = "com.apple.product-type.application";
		};
		5ECDB8052E6FBA3A00D8A701 /* ArticleListTests */ = {
			isa = PBXNativeTarget;
			buildConfigurationList = 5ECDB81E2E6FBA3B00D8A701 /* Build configuration list for PBXNativeTarget "ArticleListTests" */;
			buildPhases = (
				5ECDB8022E6FBA3A00D8A701 /* Sources */,
				5ECDB8032E6FBA3A00D8A701 /* Frameworks */,
				5ECDB8042E6FBA3A00D8A701 /* Resources */,
			);
			buildRules = (
			);
			dependencies = (
				5ECDB8082E6FBA3A00D8A701 /* PBXTargetDependency */,
			);
			fileSystemSynchronizedGroups = (
				5ECDB8092E6FBA3A00D8A701 /* ArticleListTests */,
			);
			name = ArticleListTests;
			packageProductDependencies = (
			);
			productName = ArticleListTests;
			productReference = 5ECDB8062E6FBA3A00D8A701 /* ArticleListTests.xctest */;
			productType = "com.apple.product-type.bundle.unit-test";
		};
		5ECDB80F2E6FBA3B00D8A701 /* ArticleListUITests */ = {
			isa = PBXNativeTarget;
			buildConfigurationList = 5ECDB8212E6FBA3B00D8A701 /* Build configuration list for PBXNativeTarget "ArticleListUITests" */;
			buildPhases = (
				5ECDB80C2E6FBA3B00D8A701 /* Sources */,
				5ECDB80D2E6FBA3B00D8A701 /* Frameworks */,
				5ECDB80E2E6FBA3B00D8A701 /* Resources */,
			);
			buildRules = (
			);
			dependencies = (
				5ECDB8122E6FBA3B00D8A701 /* PBXTargetDependency */,
			);
			fileSystemSynchronizedGroups = (
				5ECDB8132E6FBA3B00D8A701 /* ArticleListUITests */,
			);
			name = ArticleListUITests;
			packageProductDependencies = (
			);
			productName = ArticleListUITests;
			productReference = 5ECDB8102E6FBA3B00D8A701 /* ArticleListUITests.xctest */;
			productType = "com.apple.product-type.bundle.ui-testing";
		};
/* End PBXNativeTarget section */

/* Begin PBXProject section */
		5ECDB7E82E6FBA3800D8A701 /* Project object */ = {
			isa = PBXProject;
			attributes = {
				BuildIndependentTargetsInParallel = 1;
				LastSwiftUpdateCheck = 1620;
				LastUpgradeCheck = 1620;
				TargetAttributes = {
					5ECDB7EF2E6FBA3800D8A701 = {
						CreatedOnToolsVersion = 16.2;
					};
					5ECDB8052E6FBA3A00D8A701 = {
						CreatedOnToolsVersion = 16.2;
						TestTargetID = 5ECDB7EF2E6FBA3800D8A701;
					};
					5ECDB80F2E6FBA3B00D8A701 = {
						CreatedOnToolsVersion = 16.2;
						TestTargetID = 5ECDB7EF2E6FBA3800D8A701;
					};
				};
			};
			buildConfigurationList = 5ECDB7EB2E6FBA3800D8A701 /* Build configuration list for PBXProject "ArticleList" */;
			developmentRegion = en;
			hasScannedForEncodings = 0;
			knownRegions = (
				en,
				Base,
			);
			mainGroup = 5ECDB7E72E6FBA3800D8A701;
			minimizedProjectReferenceProxies = 1;
			preferredProjectObjectVersion = 77;
			productRefGroup = 5ECDB7F12E6FBA3800D8A701 /* Products */;
			projectDirPath = "";
			projectRoot = "";
			targets = (
				5ECDB7EF2E6FBA3800D8A701 /* ArticleList */,
				5ECDB8052E6FBA3A00D8A701 /* ArticleListTests */,
				5ECDB80F2E6FBA3B00D8A701 /* ArticleListUITests */,
			);
		};
/* End PBXProject section */

/* Begin PBXResourcesBuildPhase section */
		5ECDB7EE2E6FBA3800D8A701 /* Resources */ = {
			isa = PBXResourcesBuildPhase;
			buildActionMask = 2147483647;
			files = (
			);
			runOnlyForDeploymentPostprocessing = 0;
		};
		5ECDB8042E6FBA3A00D8A701 /* Resources */ = {
			isa = PBXResourcesBuildPhase;
			buildActionMask = 2147483647;
			files = (
			);
			runOnlyForDeploymentPostprocessing = 0;
		};
		5ECDB80E2E6FBA3B00D8A701 /* Resources */ = {
			isa = PBXResourcesBuildPhase;
			buildActionMask = 2147483647;
			files = (
			);
			runOnlyForDeploymentPostprocessing = 0;
		};
/* End PBXResourcesBuildPhase section */

/* Begin PBXSourcesBuildPhase section */
		5ECDB7EC2E6FBA3800D8A701 /* Sources */ = {
			isa = PBXSourcesBuildPhase;
			buildActionMask = 2147483647;
			files = (
			);
			runOnlyForDeploymentPostprocessing = 0;
		};
		5ECDB8022E6FBA3A00D8A701 /* Sources */ = {
			isa = PBXSourcesBuildPhase;
			buildActionMask = 2147483647;
			files = (
			);
			runOnlyForDeploymentPostprocessing = 0;
		};
		5ECDB80C2E6FBA3B00D8A701 /* Sources */ = {
			isa = PBXSourcesBuildPhase;
			buildActionMask = 2147483647;
			files = (
			);
			runOnlyForDeploymentPostprocessing = 0;
		};
/* End PBXSourcesBuildPhase section */

/* Begin PBXTargetDependency section */
		5ECDB8082E6FBA3A00D8A701 /* PBXTargetDependency */ = {
			isa = PBXTargetDependency;
			target = 5ECDB7EF2E6FBA3800D8A701 /* ArticleList */;
			targetProxy = 5ECDB8072E6FBA3A00D8A701 /* PBXContainerItemProxy */;
		};
		5ECDB8122E6FBA3B00D8A701 /* PBXTargetDependency */ = {
			isa = PBXTargetDependency;
			target = 5ECDB7EF2E6FBA3800D8A701 /* ArticleList */;
			targetProxy = 5ECDB8112E6FBA3B00D8A701 /* PBXContainerItemProxy */;
		};
/* End PBXTargetDependency section */

/* Begin XCBuildConfiguration section */
		5ECDB81A2E6FBA3B00D8A701 /* Debug */ = {
			isa = XCBuildConfiguration;
			buildSettings = {
				ASSETCATALOG_COMPILER_APPICON_NAME = AppIcon;
				ASSETCATALOG_COMPILER_GLOBAL_ACCENT_COLOR_NAME = AccentColor;
				CODE_SIGN_STYLE = Automatic;
				CURRENT_PROJECT_VERSION = 1;
				GENERATE_INFOPLIST_FILE = YES;
				INFOPLIST_FILE = ArticleList/Info.plist;
				INFOPLIST_KEY_UIApplicationSupportsIndirectInputEvents = YES;
				INFOPLIST_KEY_UILaunchStoryboardName = LaunchScreen;
				INFOPLIST_KEY_UIMainStoryboardFile = Main;
				INFOPLIST_KEY_UISupportedInterfaceOrientations_iPad = "UIInterfaceOrientationPortrait UIInterfaceOrientationPortraitUpsideDown UIInterfaceOrientationLandscapeLeft UIInterfaceOrientationLandscapeRight";
				INFOPLIST_KEY_UISupportedInterfaceOrientations_iPhone = "UIInterfaceOrientationPortrait UIInterfaceOrientationLandscapeLeft UIInterfaceOrientationLandscapeRight";
				LD_RUNPATH_SEARCH_PATHS = (
					"$(inherited)",
					"@executable_path/Frameworks",
				);
				MARKETING_VERSION = 1.0;
				PRODUCT_BUNDLE_IDENTIFIER = com.sat.ArticleList;
				PRODUCT_NAME = "$(TARGET_NAME)";
				SWIFT_EMIT_LOC_STRINGS = YES;
				SWIFT_VERSION = 5.0;
				TARGETED_DEVICE_FAMILY = "1,2";
			};
			name = Debug;
		};
		5ECDB81B2E6FBA3B00D8A701 /* Release */ = {
			isa = XCBuildConfiguration;
			buildSettings = {
				ASSETCATALOG_COMPILER_APPICON_NAME = AppIcon;
				ASSETCATALOG_COMPILER_GLOBAL_ACCENT_COLOR_NAME = AccentColor;
				CODE_SIGN_STYLE = Automatic;
				CURRENT_PROJECT_VERSION = 1;
				GENERATE_INFOPLIST_FILE = YES;
				INFOPLIST_FILE = ArticleList/Info.plist;
				INFOPLIST_KEY_UIApplicationSupportsIndirectInputEvents = YES;
				INFOPLIST_KEY_UILaunchStoryboardName = LaunchScreen;
				INFOPLIST_KEY_UIMainStoryboardFile = Main;
				INFOPLIST_KEY_UISupportedInterfaceOrientations_iPad = "UIInterfaceOrientationPortrait UIInterfaceOrientationPortraitUpsideDown UIInterfaceOrientationLandscapeLeft UIInterfaceOrientationLandscapeRight";
				INFOPLIST_KEY_UISupportedInterfaceOrientations_iPhone = "UIInterfaceOrientationPortrait UIInterfaceOrientationLandscapeLeft UIInterfaceOrientationLandscapeRight";
				LD_RUNPATH_SEARCH_PATHS = (
					"$(inherited)",
					"@executable_path/Frameworks",
				);
				MARKETING_VERSION = 1.0;
				PRODUCT_BUNDLE_IDENTIFIER = com.sat.ArticleList;
				PRODUCT_NAME = "$(TARGET_NAME)";
				SWIFT_EMIT_LOC_STRINGS = YES;
				SWIFT_VERSION = 5.0;
				TARGETED_DEVICE_FAMILY = "1,2";
			};
			name = Release;
		};
		5ECDB81C2E6FBA3B00D8A701 /* Debug */ = {
			isa = XCBuildConfiguration;
			buildSettings = {
				ALWAYS_SEARCH_USER_PATHS = NO;
				ASSETCATALOG_COMPILER_GENERATE_SWIFT_ASSET_SYMBOL_EXTENSIONS = YES;
				CLANG_ANALYZER_NONNULL = YES;
				CLANG_ANALYZER_NUMBER_OBJECT_CONVERSION = YES_AGGRESSIVE;
				CLANG_CXX_LANGUAGE_STANDARD = "gnu++20";
				CLANG_ENABLE_MODULES = YES;
				CLANG_ENABLE_OBJC_ARC = YES;
				CLANG_ENABLE_OBJC_WEAK = YES;
				CLANG_WARN_BLOCK_CAPTURE_AUTORELEASING = YES;
				CLANG_WARN_BOOL_CONVERSION = YES;
				CLANG_WARN_COMMA = YES;
				CLANG_WARN_CONSTANT_CONVERSION = YES;
				CLANG_WARN_DEPRECATED_OBJC_IMPLEMENTATIONS = YES;
				CLANG_WARN_DIRECT_OBJC_ISA_USAGE = YES_ERROR;
				CLANG_WARN_DOCUMENTATION_COMMENTS = YES;
				CLANG_WARN_EMPTY_BODY = YES;
				CLANG_WARN_ENUM_CONVERSION = YES;
				CLANG_WARN_INFINITE_RECURSION = YES;
				CLANG_WARN_INT_CONVERSION = YES;
				CLANG_WARN_NON_LITERAL_NULL_CONVERSION = YES;
				CLANG_WARN_OBJC_IMPLICIT_RETAIN_SELF = YES;
				CLANG_WARN_OBJC_LITERAL_CONVERSION = YES;
				CLANG_WARN_OBJC_ROOT_CLASS = YES_ERROR;
				CLANG_WARN_QUOTED_INCLUDE_IN_FRAMEWORK_HEADER = YES;
				CLANG_WARN_RANGE_LOOP_ANALYSIS = YES;
				CLANG_WARN_STRICT_PROTOTYPES = YES;
				CLANG_WARN_SUSPICIOUS_MOVE = YES;
				CLANG_WARN_UNGUARDED_AVAILABILITY = YES_AGGRESSIVE;
				CLANG_WARN_UNREACHABLE_CODE = YES;
				CLANG_WARN__DUPLICATE_METHOD_MATCH = YES;
				COPY_PHASE_STRIP = NO;
				DEBUG_INFORMATION_FORMAT = dwarf;
				ENABLE_STRICT_OBJC_MSGSEND = YES;
				ENABLE_TESTABILITY = YES;
				ENABLE_USER_SCRIPT_SANDBOXING = YES;
				GCC_C_LANGUAGE_STANDARD = gnu17;
				GCC_DYNAMIC_NO_PIC = NO;
				GCC_NO_COMMON_BLOCKS = YES;
				GCC_OPTIMIZATION_LEVEL = 0;
				GCC_PREPROCESSOR_DEFINITIONS = (
					"DEBUG=1",
					"$(inherited)",
				);
				GCC_WARN_64_TO_32_BIT_CONVERSION = YES;
				GCC_WARN_ABOUT_RETURN_TYPE = YES_ERROR;
				GCC_WARN_UNDECLARED_SELECTOR = YES;
				GCC_WARN_UNINITIALIZED_AUTOS = YES_AGGRESSIVE;
				GCC_WARN_UNUSED_FUNCTION = YES;
				GCC_WARN_UNUSED_VARIABLE = YES;
				IPHONEOS_DEPLOYMENT_TARGET = 18.2;
				LOCALIZATION_PREFERS_STRING_CATALOGS = YES;
				MTL_ENABLE_DEBUG_INFO = INCLUDE_SOURCE;
				MTL_FAST_MATH = YES;
				ONLY_ACTIVE_ARCH = YES;
				SDKROOT = iphoneos;
				SWIFT_ACTIVE_COMPILATION_CONDITIONS = "DEBUG $(inherited)";
				SWIFT_OPTIMIZATION_LEVEL = "-Onone";
			};
			name = Debug;
		};
		5ECDB81D2E6FBA3B00D8A701 /* Release */ = {
			isa = XCBuildConfiguration;
			buildSettings = {
				ALWAYS_SEARCH_USER_PATHS = NO;
				ASSETCATALOG_COMPILER_GENERATE_SWIFT_ASSET_SYMBOL_EXTENSIONS = YES;
				CLANG_ANALYZER_NONNULL = YES;
				CLANG_ANALYZER_NUMBER_OBJECT_CONVERSION = YES_AGGRESSIVE;
				CLANG_CXX_LANGUAGE_STANDARD = "gnu++20";
				CLANG_ENABLE_MODULES = YES;
				CLANG_ENABLE_OBJC_ARC = YES;
				CLANG_ENABLE_OBJC_WEAK = YES;
				CLANG_WARN_BLOCK_CAPTURE_AUTORELEASING = YES;
				CLANG_WARN_BOOL_CONVERSION = YES;
				CLANG_WARN_COMMA = YES;
				CLANG_WARN_CONSTANT_CONVERSION = YES;
				CLANG_WARN_DEPRECATED_OBJC_IMPLEMENTATIONS = YES;
				CLANG_WARN_DIRECT_OBJC_ISA_USAGE = YES_ERROR;
				CLANG_WARN_DOCUMENTATION_COMMENTS = YES;
				CLANG_WARN_EMPTY_BODY = YES;
				CLANG_WARN_ENUM_CONVERSION = YES;
				CLANG_WARN_INFINITE_RECURSION = YES;
				CLANG_WARN_INT_CONVERSION = YES;
				CLANG_WARN_NON_LITERAL_NULL_CONVERSION = YES;
				CLANG_WARN_OBJC_IMPLICIT_RETAIN_SELF = YES;
				CLANG_WARN_OBJC_LITERAL_CONVERSION = YES;
				CLANG_WARN_OBJC_ROOT_CLASS = YES_ERROR;
				CLANG_WARN_QUOTED_INCLUDE_IN_FRAMEWORK_HEADER = YES;
				CLANG_WARN_RANGE_LOOP_ANALYSIS = YES;
				CLANG_WARN_STRICT_PROTOTYPES = YES;
				CLANG_WARN_SUSPICIOUS_MOVE = YES;
				CLANG_WARN_UNGUARDED_AVAILABILITY = YES_AGGRESSIVE;
				CLANG_WARN_UNREACHABLE_CODE = YES;
				CLANG_WARN__DUPLICATE_METHOD_MATCH = YES;
				COPY_PHASE_STRIP = NO;
				DEBUG_INFORMATION_FORMAT = "dwarf-with-dsym";
				ENABLE_NS_ASSERTIONS = NO;
				ENABLE_STRICT_OBJC_MSGSEND = YES;
				ENABLE_USER_SCRIPT_SANDBOXING = YES;
				GCC_C_LANGUAGE_STANDARD = gnu17;
				GCC_NO_COMMON_BLOCKS = YES;
				GCC_WARN_64_TO_32_BIT_CONVERSION = YES;
				GCC_WARN_ABOUT_RETURN_TYPE = YES_ERROR;
				GCC_WARN_UNDECLARED_SELECTOR = YES;
				GCC_WARN_UNINITIALIZED_AUTOS = YES_AGGRESSIVE;
				GCC_WARN_UNUSED_FUNCTION = YES;
				GCC_WARN_UNUSED_VARIABLE = YES;
				IPHONEOS_DEPLOYMENT_TARGET = 18.2;
				LOCALIZATION_PREFERS_STRING_CATALOGS = YES;
				MTL_ENABLE_DEBUG_INFO = NO;
				MTL_FAST_MATH = YES;
				SDKROOT = iphoneos;
				SWIFT_COMPILATION_MODE = wholemodule;
				VALIDATE_PRODUCT = YES;
			};
			name = Release;
		};
		5ECDB81F2E6FBA3B00D8A701 /* Debug */ = {
			isa = XCBuildConfiguration;
			buildSettings = {
				BUNDLE_LOADER = "$(TEST_HOST)";
				CODE_SIGN_STYLE = Automatic;
				CURRENT_PROJECT_VERSION = 1;
				GENERATE_INFOPLIST_FILE = YES;
				IPHONEOS_DEPLOYMENT_TARGET = 18.2;
				MARKETING_VERSION = 1.0;
				PRODUCT_BUNDLE_IDENTIFIER = com.sat.ArticleListTests;
				PRODUCT_NAME = "$(TARGET_NAME)";
				SWIFT_EMIT_LOC_STRINGS = NO;
				SWIFT_VERSION = 5.0;
				TARGETED_DEVICE_FAMILY = "1,2";
				TEST_HOST = "$(BUILT_PRODUCTS_DIR)/ArticleList.app/$(BUNDLE_EXECUTABLE_FOLDER_PATH)/ArticleList";
			};
			name = Debug;
		};
		5ECDB8202E6FBA3B00D8A701 /* Release */ = {
			isa = XCBuildConfiguration;
			buildSettings = {
				BUNDLE_LOADER = "$(TEST_HOST)";
				CODE_SIGN_STYLE = Automatic;
				CURRENT_PROJECT_VERSION = 1;
				GENERATE_INFOPLIST_FILE = YES;
				IPHONEOS_DEPLOYMENT_TARGET = 18.2;
				MARKETING_VERSION = 1.0;
				PRODUCT_BUNDLE_IDENTIFIER = com.sat.ArticleListTests;
				PRODUCT_NAME = "$(TARGET_NAME)";
				SWIFT_EMIT_LOC_STRINGS = NO;
				SWIFT_VERSION = 5.0;
				TARGETED_DEVICE_FAMILY = "1,2";
				TEST_HOST = "$(BUILT_PRODUCTS_DIR)/ArticleList.app/$(BUNDLE_EXECUTABLE_FOLDER_PATH)/ArticleList";
			};
			name = Release;
		};
		5ECDB8222E6FBA3B00D8A701 /* Debug */ = {
			isa = XCBuildConfiguration;
			buildSettings = {
				CODE_SIGN_STYLE = Automatic;
				CURRENT_PROJECT_VERSION = 1;
				GENERATE_INFOPLIST_FILE = YES;
				MARKETING_VERSION = 1.0;
				PRODUCT_BUNDLE_IDENTIFIER = com.sat.ArticleListUITests;
				PRODUCT_NAME = "$(TARGET_NAME)";
				SWIFT_EMIT_LOC_STRINGS = NO;
				SWIFT_VERSION = 5.0;
				TARGETED_DEVICE_FAMILY = "1,2";
				TEST_TARGET_NAME = ArticleList;
			};
			name = Debug;
		};
		5ECDB8232E6FBA3B00D8A701 /* Release */ = {
			isa = XCBuildConfiguration;
			buildSettings = {
				CODE_SIGN_STYLE = Automatic;
				CURRENT_PROJECT_VERSION = 1;
				GENERATE_INFOPLIST_FILE = YES;
				MARKETING_VERSION = 1.0;
				PRODUCT_BUNDLE_IDENTIFIER = com.sat.ArticleListUITests;
				PRODUCT_NAME = "$(TARGET_NAME)";
				SWIFT_EMIT_LOC_STRINGS = NO;
				SWIFT_VERSION = 5.0;
				TARGETED_DEVICE_FAMILY = "1,2";
				TEST_TARGET_NAME = ArticleList;
			};
			name = Release;
		};
/* End XCBuildConfiguration section */

/* Begin XCConfigurationList section */
		5ECDB7EB2E6FBA3800D8A701 /* Build configuration list for PBXProject "ArticleList" */ = {
			isa = XCConfigurationList;
			buildConfigurations = (
				5ECDB81C2E6FBA3B00D8A701 /* Debug */,
				5ECDB81D2E6FBA3B00D8A701 /* Release */,
			);
			defaultConfigurationIsVisible = 0;
			defaultConfigurationName = Release;
		};
		5ECDB8192E6FBA3B00D8A701 /* Build configuration list for PBXNativeTarget "ArticleList" */ = {
			isa = XCConfigurationList;
			buildConfigurations = (
				5ECDB81A2E6FBA3B00D8A701 /* Debug */,
				5ECDB81B2E6FBA3B00D8A701 /* Release */,
			);
			defaultConfigurationIsVisible = 0;
			defaultConfigurationName = Release;
		};
		5ECDB81E2E6FBA3B00D8A701 /* Build configuration list for PBXNativeTarget "ArticleListTests" */ = {
			isa = XCConfigurationList;
			buildConfigurations = (
				5ECDB81F2E6FBA3B00D8A701 /* Debug */,
				5ECDB8202E6FBA3B00D8A701 /* Release */,
			);
			defaultConfigurationIsVisible = 0;
			defaultConfigurationName = Release;
		};
		5ECDB8212E6FBA3B00D8A701 /* Build configuration list for PBXNativeTarget "ArticleListUITests" */ = {
			isa = XCConfigurationList;
			buildConfigurations = (
				5ECDB8222E6FBA3B00D8A701 /* Debug */,
				5ECDB8232E6FBA3B00D8A701 /* Release */,
			);
			defaultConfigurationIsVisible = 0;
			defaultConfigurationName = Release;
		};
/* End XCConfigurationList section */
	};
	rootObject = 5ECDB7E82E6FBA3800D8A701 /* Project object */;
}
